
Microsoft Visual Studio Solution File, Format Version 12.00
# Visual Studio Version 16
VisualStudioVersion = 16.0.30104.148
MinimumVisualStudioVersion = 10.0.40219.1
Project("{2150E333-8FDC-42A3-9474-1A3956D46DE8}") = "Views", "Views", "{2AD8DB73-20E9-4CFE-84E0-84FA05B7599F}"
EndProject
Project("{9A19103F-16F7-4668-BE54-9A1E7A4F7556}") = "TDNPGL.Core", "TDNPGL.Core\TDNPGL.Core.csproj", "{84B56E39-5DE3-439E-8679-E9DC54B3E1FC}"
EndProject
Project("{9A19103F-16F7-4668-BE54-9A1E7A4F7556}") = "TDNPGL.Views.Forms", "Views\TDNPGL.Views.Forms\TDNPGL.Views.Forms.csproj", "{0230FE2C-B5F4-4208-A51F-88CCD4205074}"
EndProject
Project("{9A19103F-16F7-4668-BE54-9A1E7A4F7556}") = "TDNPGL.Views.Gtk3", "Views\TDNPGL.Views.Gtk3\TDNPGL.Views.Gtk3.csproj", "{A1508315-A5C9-4F8D-AFDE-46AA5AAE124A}"
EndProject
Project("{9A19103F-16F7-4668-BE54-9A1E7A4F7556}") = "TDNPGL.Views.WinForms", "Views\TDNPGL.Views.WinForms\TDNPGL.Views.WinForms.csproj", "{19BCFB04-1065-4482-B850-26E8A842D298}"
EndProject
Project("{2150E333-8FDC-42A3-9474-1A3956D46DE8}") = "Native", "Native", "{383223C5-4D8E-48A3-9DC1-BD04E5205F27}"
EndProject
Project("{9A19103F-16F7-4668-BE54-9A1E7A4F7556}") = "TDNPGL.Networking", "TDNPGL.Networking\TDNPGL.Networking.csproj", "{D42A17F2-D039-4370-ABA2-92FC8D015666}"
EndProject
Project("{2150E333-8FDC-42A3-9474-1A3956D46DE8}") = "Tests", "Tests", "{D27C240F-81AD-4486-BDCD-9C29B2921BC4}"
EndProject
Project("{9A19103F-16F7-4668-BE54-9A1E7A4F7556}") = "TDNPGL.Tests.Native", "Tests\TDNPGL.Tests.Native\TDNPGL.Tests.Native.csproj", "{4FF6D7E4-8C26-4065-A9B2-BBE565D50460}"
EndProject
Project("{8BC9CEB8-8B4A-11D0-8D11-00A0C91BC942}") = "TDNPGL.Native", "Native\TDNPGL.Native\TDNPGL.Native.vcxitems", "{0136EE93-7A37-4812-9DA9-A622798187DD}"
EndProject
Project("{9A19103F-16F7-4668-BE54-9A1E7A4F7556}") = "TDNPGL.Native.Extensions", "Native\TDNPGL.Native.Extensions\TDNPGL.Native.Extensions.csproj", "{FFFCC654-9287-47EF-8636-604FF97A2F1B}"
EndProject
Project("{2150E333-8FDC-42A3-9474-1A3956D46DE8}") = "Tools", "Tools", "{A0827581-349C-4626-B093-02766FF31311}"
EndProject
Project("{9A19103F-16F7-4668-BE54-9A1E7A4F7556}") = "TDNPGL.Cli", "Tools\TDNPGL.Cli\TDNPGL.Cli.csproj", "{CFF9581F-6A5A-450C-A99A-321E2435D6B3}"
EndProject
Project("{9A19103F-16F7-4668-BE54-9A1E7A4F7556}") = "TDNPGL.GlobalDependencies", "TDNPGL.GlobalDependencies\TDNPGL.GlobalDependencies.csproj", "{BD5655E8-FE27-4A35-B18E-ABBBCBA9E89B}"
EndProject
Project("{2150E333-8FDC-42A3-9474-1A3956D46DE8}") = "System.Windows.Forms", "System.Windows.Forms", "{DB4517B0-EEFB-4692-95A7-8C5DACB623F9}"
EndProject
Project("{9A19103F-16F7-4668-BE54-9A1E7A4F7556}") = "System.Windows.Forms", "Tools\winforms\src\System.Windows.Forms\src\System.Windows.Forms.csproj", "{AF44C9DF-FE1A-4C48-B115-E6BEADCB24C0}"
EndProject
Global
	GlobalSection(SolutionConfigurationPlatforms) = preSolution
		Debug|Any CPU = Debug|Any CPU
		Debug|ARM = Debug|ARM
		Debug|ARM64 = Debug|ARM64
		Debug|x64 = Debug|x64
		Debug|x86 = Debug|x86
		MinSizeRel|Any CPU = MinSizeRel|Any CPU
		MinSizeRel|ARM = MinSizeRel|ARM
		MinSizeRel|ARM64 = MinSizeRel|ARM64
		MinSizeRel|x64 = MinSizeRel|x64
		MinSizeRel|x86 = MinSizeRel|x86
		Release|Any CPU = Release|Any CPU
		Release|ARM = Release|ARM
		Release|ARM64 = Release|ARM64
		Release|x64 = Release|x64
		Release|x86 = Release|x86
		RelWithDebInfo|Any CPU = RelWithDebInfo|Any CPU
		RelWithDebInfo|ARM = RelWithDebInfo|ARM
		RelWithDebInfo|ARM64 = RelWithDebInfo|ARM64
		RelWithDebInfo|x64 = RelWithDebInfo|x64
		RelWithDebInfo|x86 = RelWithDebInfo|x86
	EndGlobalSection
	GlobalSection(ProjectConfigurationPlatforms) = postSolution
		{84B56E39-5DE3-439E-8679-E9DC54B3E1FC}.Debug|Any CPU.ActiveCfg = Debug|Any CPU
		{84B56E39-5DE3-439E-8679-E9DC54B3E1FC}.Debug|Any CPU.Build.0 = Debug|Any CPU
		{84B56E39-5DE3-439E-8679-E9DC54B3E1FC}.Debug|ARM.ActiveCfg = Debug|Any CPU
		{84B56E39-5DE3-439E-8679-E9DC54B3E1FC}.Debug|ARM.Build.0 = Debug|Any CPU
		{84B56E39-5DE3-439E-8679-E9DC54B3E1FC}.Debug|ARM64.ActiveCfg = Debug|Any CPU
		{84B56E39-5DE3-439E-8679-E9DC54B3E1FC}.Debug|ARM64.Build.0 = Debug|Any CPU
		{84B56E39-5DE3-439E-8679-E9DC54B3E1FC}.Debug|x64.ActiveCfg = Debug|Any CPU
		{84B56E39-5DE3-439E-8679-E9DC54B3E1FC}.Debug|x64.Build.0 = Debug|Any CPU
		{84B56E39-5DE3-439E-8679-E9DC54B3E1FC}.Debug|x86.ActiveCfg = Debug|Any CPU
		{84B56E39-5DE3-439E-8679-E9DC54B3E1FC}.Debug|x86.Build.0 = Debug|Any CPU
		{84B56E39-5DE3-439E-8679-E9DC54B3E1FC}.MinSizeRel|Any CPU.ActiveCfg = Release|Any CPU
		{84B56E39-5DE3-439E-8679-E9DC54B3E1FC}.MinSizeRel|Any CPU.Build.0 = Release|Any CPU
		{84B56E39-5DE3-439E-8679-E9DC54B3E1FC}.MinSizeRel|ARM.ActiveCfg = Release|Any CPU
		{84B56E39-5DE3-439E-8679-E9DC54B3E1FC}.MinSizeRel|ARM.Build.0 = Release|Any CPU
		{84B56E39-5DE3-439E-8679-E9DC54B3E1FC}.MinSizeRel|ARM64.ActiveCfg = Release|Any CPU
		{84B56E39-5DE3-439E-8679-E9DC54B3E1FC}.MinSizeRel|ARM64.Build.0 = Release|Any CPU
		{84B56E39-5DE3-439E-8679-E9DC54B3E1FC}.MinSizeRel|x64.ActiveCfg = Release|Any CPU
		{84B56E39-5DE3-439E-8679-E9DC54B3E1FC}.MinSizeRel|x64.Build.0 = Release|Any CPU
		{84B56E39-5DE3-439E-8679-E9DC54B3E1FC}.MinSizeRel|x86.ActiveCfg = Release|Any CPU
		{84B56E39-5DE3-439E-8679-E9DC54B3E1FC}.MinSizeRel|x86.Build.0 = Release|Any CPU
		{84B56E39-5DE3-439E-8679-E9DC54B3E1FC}.Release|Any CPU.ActiveCfg = Release|Any CPU
		{84B56E39-5DE3-439E-8679-E9DC54B3E1FC}.Release|Any CPU.Build.0 = Release|Any CPU
		{84B56E39-5DE3-439E-8679-E9DC54B3E1FC}.Release|ARM.ActiveCfg = Release|Any CPU
		{84B56E39-5DE3-439E-8679-E9DC54B3E1FC}.Release|ARM.Build.0 = Release|Any CPU
		{84B56E39-5DE3-439E-8679-E9DC54B3E1FC}.Release|ARM64.ActiveCfg = Release|Any CPU
		{84B56E39-5DE3-439E-8679-E9DC54B3E1FC}.Release|ARM64.Build.0 = Release|Any CPU
		{84B56E39-5DE3-439E-8679-E9DC54B3E1FC}.Release|x64.ActiveCfg = Release|Any CPU
		{84B56E39-5DE3-439E-8679-E9DC54B3E1FC}.Release|x64.Build.0 = Release|Any CPU
		{84B56E39-5DE3-439E-8679-E9DC54B3E1FC}.Release|x86.ActiveCfg = Release|Any CPU
		{84B56E39-5DE3-439E-8679-E9DC54B3E1FC}.Release|x86.Build.0 = Release|Any CPU
		{84B56E39-5DE3-439E-8679-E9DC54B3E1FC}.RelWithDebInfo|Any CPU.ActiveCfg = Release|Any CPU
		{84B56E39-5DE3-439E-8679-E9DC54B3E1FC}.RelWithDebInfo|Any CPU.Build.0 = Release|Any CPU
		{84B56E39-5DE3-439E-8679-E9DC54B3E1FC}.RelWithDebInfo|ARM.ActiveCfg = Release|Any CPU
		{84B56E39-5DE3-439E-8679-E9DC54B3E1FC}.RelWithDebInfo|ARM.Build.0 = Release|Any CPU
		{84B56E39-5DE3-439E-8679-E9DC54B3E1FC}.RelWithDebInfo|ARM64.ActiveCfg = Release|Any CPU
		{84B56E39-5DE3-439E-8679-E9DC54B3E1FC}.RelWithDebInfo|ARM64.Build.0 = Release|Any CPU
		{84B56E39-5DE3-439E-8679-E9DC54B3E1FC}.RelWithDebInfo|x64.ActiveCfg = Release|Any CPU
		{84B56E39-5DE3-439E-8679-E9DC54B3E1FC}.RelWithDebInfo|x64.Build.0 = Release|Any CPU
		{84B56E39-5DE3-439E-8679-E9DC54B3E1FC}.RelWithDebInfo|x86.ActiveCfg = Release|Any CPU
		{84B56E39-5DE3-439E-8679-E9DC54B3E1FC}.RelWithDebInfo|x86.Build.0 = Release|Any CPU
		{0230FE2C-B5F4-4208-A51F-88CCD4205074}.Debug|Any CPU.ActiveCfg = Debug|Any CPU
		{0230FE2C-B5F4-4208-A51F-88CCD4205074}.Debug|Any CPU.Build.0 = Debug|Any CPU
		{0230FE2C-B5F4-4208-A51F-88CCD4205074}.Debug|ARM.ActiveCfg = Debug|Any CPU
		{0230FE2C-B5F4-4208-A51F-88CCD4205074}.Debug|ARM.Build.0 = Debug|Any CPU
		{0230FE2C-B5F4-4208-A51F-88CCD4205074}.Debug|ARM64.ActiveCfg = Debug|Any CPU
		{0230FE2C-B5F4-4208-A51F-88CCD4205074}.Debug|ARM64.Build.0 = Debug|Any CPU
		{0230FE2C-B5F4-4208-A51F-88CCD4205074}.Debug|x64.ActiveCfg = Debug|Any CPU
		{0230FE2C-B5F4-4208-A51F-88CCD4205074}.Debug|x64.Build.0 = Debug|Any CPU
		{0230FE2C-B5F4-4208-A51F-88CCD4205074}.Debug|x86.ActiveCfg = Debug|Any CPU
		{0230FE2C-B5F4-4208-A51F-88CCD4205074}.Debug|x86.Build.0 = Debug|Any CPU
		{0230FE2C-B5F4-4208-A51F-88CCD4205074}.MinSizeRel|Any CPU.ActiveCfg = Release|Any CPU
		{0230FE2C-B5F4-4208-A51F-88CCD4205074}.MinSizeRel|Any CPU.Build.0 = Release|Any CPU
		{0230FE2C-B5F4-4208-A51F-88CCD4205074}.MinSizeRel|ARM.ActiveCfg = Release|Any CPU
		{0230FE2C-B5F4-4208-A51F-88CCD4205074}.MinSizeRel|ARM.Build.0 = Release|Any CPU
		{0230FE2C-B5F4-4208-A51F-88CCD4205074}.MinSizeRel|ARM64.ActiveCfg = Release|Any CPU
		{0230FE2C-B5F4-4208-A51F-88CCD4205074}.MinSizeRel|ARM64.Build.0 = Release|Any CPU
		{0230FE2C-B5F4-4208-A51F-88CCD4205074}.MinSizeRel|x64.ActiveCfg = Release|Any CPU
		{0230FE2C-B5F4-4208-A51F-88CCD4205074}.MinSizeRel|x64.Build.0 = Release|Any CPU
		{0230FE2C-B5F4-4208-A51F-88CCD4205074}.MinSizeRel|x86.ActiveCfg = Release|Any CPU
		{0230FE2C-B5F4-4208-A51F-88CCD4205074}.MinSizeRel|x86.Build.0 = Release|Any CPU
		{0230FE2C-B5F4-4208-A51F-88CCD4205074}.Release|Any CPU.ActiveCfg = Release|Any CPU
		{0230FE2C-B5F4-4208-A51F-88CCD4205074}.Release|Any CPU.Build.0 = Release|Any CPU
		{0230FE2C-B5F4-4208-A51F-88CCD4205074}.Release|ARM.ActiveCfg = Release|Any CPU
		{0230FE2C-B5F4-4208-A51F-88CCD4205074}.Release|ARM.Build.0 = Release|Any CPU
		{0230FE2C-B5F4-4208-A51F-88CCD4205074}.Release|ARM64.ActiveCfg = Release|Any CPU
		{0230FE2C-B5F4-4208-A51F-88CCD4205074}.Release|ARM64.Build.0 = Release|Any CPU
		{0230FE2C-B5F4-4208-A51F-88CCD4205074}.Release|x64.ActiveCfg = Release|Any CPU
		{0230FE2C-B5F4-4208-A51F-88CCD4205074}.Release|x64.Build.0 = Release|Any CPU
		{0230FE2C-B5F4-4208-A51F-88CCD4205074}.Release|x86.ActiveCfg = Release|Any CPU
		{0230FE2C-B5F4-4208-A51F-88CCD4205074}.Release|x86.Build.0 = Release|Any CPU
		{0230FE2C-B5F4-4208-A51F-88CCD4205074}.RelWithDebInfo|Any CPU.ActiveCfg = Release|Any CPU
		{0230FE2C-B5F4-4208-A51F-88CCD4205074}.RelWithDebInfo|Any CPU.Build.0 = Release|Any CPU
		{0230FE2C-B5F4-4208-A51F-88CCD4205074}.RelWithDebInfo|ARM.ActiveCfg = Release|Any CPU
		{0230FE2C-B5F4-4208-A51F-88CCD4205074}.RelWithDebInfo|ARM.Build.0 = Release|Any CPU
		{0230FE2C-B5F4-4208-A51F-88CCD4205074}.RelWithDebInfo|ARM64.ActiveCfg = Release|Any CPU
		{0230FE2C-B5F4-4208-A51F-88CCD4205074}.RelWithDebInfo|ARM64.Build.0 = Release|Any CPU
		{0230FE2C-B5F4-4208-A51F-88CCD4205074}.RelWithDebInfo|x64.ActiveCfg = Release|Any CPU
		{0230FE2C-B5F4-4208-A51F-88CCD4205074}.RelWithDebInfo|x64.Build.0 = Release|Any CPU
		{0230FE2C-B5F4-4208-A51F-88CCD4205074}.RelWithDebInfo|x86.ActiveCfg = Release|Any CPU
		{0230FE2C-B5F4-4208-A51F-88CCD4205074}.RelWithDebInfo|x86.Build.0 = Release|Any CPU
		{A1508315-A5C9-4F8D-AFDE-46AA5AAE124A}.Debug|Any CPU.ActiveCfg = Debug|Any CPU
		{A1508315-A5C9-4F8D-AFDE-46AA5AAE124A}.Debug|Any CPU.Build.0 = Debug|Any CPU
		{A1508315-A5C9-4F8D-AFDE-46AA5AAE124A}.Debug|ARM.ActiveCfg = Debug|Any CPU
		{A1508315-A5C9-4F8D-AFDE-46AA5AAE124A}.Debug|ARM.Build.0 = Debug|Any CPU
		{A1508315-A5C9-4F8D-AFDE-46AA5AAE124A}.Debug|ARM64.ActiveCfg = Debug|Any CPU
		{A1508315-A5C9-4F8D-AFDE-46AA5AAE124A}.Debug|ARM64.Build.0 = Debug|Any CPU
		{A1508315-A5C9-4F8D-AFDE-46AA5AAE124A}.Debug|x64.ActiveCfg = Debug|Any CPU
		{A1508315-A5C9-4F8D-AFDE-46AA5AAE124A}.Debug|x64.Build.0 = Debug|Any CPU
		{A1508315-A5C9-4F8D-AFDE-46AA5AAE124A}.Debug|x86.ActiveCfg = Debug|Any CPU
		{A1508315-A5C9-4F8D-AFDE-46AA5AAE124A}.Debug|x86.Build.0 = Debug|Any CPU
		{A1508315-A5C9-4F8D-AFDE-46AA5AAE124A}.MinSizeRel|Any CPU.ActiveCfg = Release|Any CPU
		{A1508315-A5C9-4F8D-AFDE-46AA5AAE124A}.MinSizeRel|Any CPU.Build.0 = Release|Any CPU
		{A1508315-A5C9-4F8D-AFDE-46AA5AAE124A}.MinSizeRel|ARM.ActiveCfg = Release|Any CPU
		{A1508315-A5C9-4F8D-AFDE-46AA5AAE124A}.MinSizeRel|ARM.Build.0 = Release|Any CPU
		{A1508315-A5C9-4F8D-AFDE-46AA5AAE124A}.MinSizeRel|ARM64.ActiveCfg = Release|Any CPU
		{A1508315-A5C9-4F8D-AFDE-46AA5AAE124A}.MinSizeRel|ARM64.Build.0 = Release|Any CPU
		{A1508315-A5C9-4F8D-AFDE-46AA5AAE124A}.MinSizeRel|x64.ActiveCfg = Release|Any CPU
		{A1508315-A5C9-4F8D-AFDE-46AA5AAE124A}.MinSizeRel|x64.Build.0 = Release|Any CPU
		{A1508315-A5C9-4F8D-AFDE-46AA5AAE124A}.MinSizeRel|x86.ActiveCfg = Release|Any CPU
		{A1508315-A5C9-4F8D-AFDE-46AA5AAE124A}.MinSizeRel|x86.Build.0 = Release|Any CPU
		{A1508315-A5C9-4F8D-AFDE-46AA5AAE124A}.Release|Any CPU.ActiveCfg = Release|Any CPU
		{A1508315-A5C9-4F8D-AFDE-46AA5AAE124A}.Release|Any CPU.Build.0 = Release|Any CPU
		{A1508315-A5C9-4F8D-AFDE-46AA5AAE124A}.Release|ARM.ActiveCfg = Release|Any CPU
		{A1508315-A5C9-4F8D-AFDE-46AA5AAE124A}.Release|ARM.Build.0 = Release|Any CPU
		{A1508315-A5C9-4F8D-AFDE-46AA5AAE124A}.Release|ARM64.ActiveCfg = Release|Any CPU
		{A1508315-A5C9-4F8D-AFDE-46AA5AAE124A}.Release|ARM64.Build.0 = Release|Any CPU
		{A1508315-A5C9-4F8D-AFDE-46AA5AAE124A}.Release|x64.ActiveCfg = Release|Any CPU
		{A1508315-A5C9-4F8D-AFDE-46AA5AAE124A}.Release|x64.Build.0 = Release|Any CPU
		{A1508315-A5C9-4F8D-AFDE-46AA5AAE124A}.Release|x86.ActiveCfg = Release|Any CPU
		{A1508315-A5C9-4F8D-AFDE-46AA5AAE124A}.Release|x86.Build.0 = Release|Any CPU
		{A1508315-A5C9-4F8D-AFDE-46AA5AAE124A}.RelWithDebInfo|Any CPU.ActiveCfg = Release|Any CPU
		{A1508315-A5C9-4F8D-AFDE-46AA5AAE124A}.RelWithDebInfo|Any CPU.Build.0 = Release|Any CPU
		{A1508315-A5C9-4F8D-AFDE-46AA5AAE124A}.RelWithDebInfo|ARM.ActiveCfg = Release|Any CPU
		{A1508315-A5C9-4F8D-AFDE-46AA5AAE124A}.RelWithDebInfo|ARM.Build.0 = Release|Any CPU
		{A1508315-A5C9-4F8D-AFDE-46AA5AAE124A}.RelWithDebInfo|ARM64.ActiveCfg = Release|Any CPU
		{A1508315-A5C9-4F8D-AFDE-46AA5AAE124A}.RelWithDebInfo|ARM64.Build.0 = Release|Any CPU
		{A1508315-A5C9-4F8D-AFDE-46AA5AAE124A}.RelWithDebInfo|x64.ActiveCfg = Release|Any CPU
		{A1508315-A5C9-4F8D-AFDE-46AA5AAE124A}.RelWithDebInfo|x64.Build.0 = Release|Any CPU
		{A1508315-A5C9-4F8D-AFDE-46AA5AAE124A}.RelWithDebInfo|x86.ActiveCfg = Release|Any CPU
		{A1508315-A5C9-4F8D-AFDE-46AA5AAE124A}.RelWithDebInfo|x86.Build.0 = Release|Any CPU
		{19BCFB04-1065-4482-B850-26E8A842D298}.Debug|Any CPU.ActiveCfg = Debug|Any CPU
		{19BCFB04-1065-4482-B850-26E8A842D298}.Debug|Any CPU.Build.0 = Debug|Any CPU
		{19BCFB04-1065-4482-B850-26E8A842D298}.Debug|ARM.ActiveCfg = Debug|Any CPU
		{19BCFB04-1065-4482-B850-26E8A842D298}.Debug|ARM.Build.0 = Debug|Any CPU
		{19BCFB04-1065-4482-B850-26E8A842D298}.Debug|ARM64.ActiveCfg = Debug|Any CPU
		{19BCFB04-1065-4482-B850-26E8A842D298}.Debug|ARM64.Build.0 = Debug|Any CPU
		{19BCFB04-1065-4482-B850-26E8A842D298}.Debug|x64.ActiveCfg = Debug|Any CPU
		{19BCFB04-1065-4482-B850-26E8A842D298}.Debug|x64.Build.0 = Debug|Any CPU
		{19BCFB04-1065-4482-B850-26E8A842D298}.Debug|x86.ActiveCfg = Debug|Any CPU
		{19BCFB04-1065-4482-B850-26E8A842D298}.Debug|x86.Build.0 = Debug|Any CPU
		{19BCFB04-1065-4482-B850-26E8A842D298}.MinSizeRel|Any CPU.ActiveCfg = Release|Any CPU
		{19BCFB04-1065-4482-B850-26E8A842D298}.MinSizeRel|Any CPU.Build.0 = Release|Any CPU
		{19BCFB04-1065-4482-B850-26E8A842D298}.MinSizeRel|ARM.ActiveCfg = Release|Any CPU
		{19BCFB04-1065-4482-B850-26E8A842D298}.MinSizeRel|ARM.Build.0 = Release|Any CPU
		{19BCFB04-1065-4482-B850-26E8A842D298}.MinSizeRel|ARM64.ActiveCfg = Release|Any CPU
		{19BCFB04-1065-4482-B850-26E8A842D298}.MinSizeRel|ARM64.Build.0 = Release|Any CPU
		{19BCFB04-1065-4482-B850-26E8A842D298}.MinSizeRel|x64.ActiveCfg = Release|Any CPU
		{19BCFB04-1065-4482-B850-26E8A842D298}.MinSizeRel|x64.Build.0 = Release|Any CPU
		{19BCFB04-1065-4482-B850-26E8A842D298}.MinSizeRel|x86.ActiveCfg = Release|Any CPU
		{19BCFB04-1065-4482-B850-26E8A842D298}.MinSizeRel|x86.Build.0 = Release|Any CPU
		{19BCFB04-1065-4482-B850-26E8A842D298}.Release|Any CPU.ActiveCfg = Release|Any CPU
		{19BCFB04-1065-4482-B850-26E8A842D298}.Release|Any CPU.Build.0 = Release|Any CPU
		{19BCFB04-1065-4482-B850-26E8A842D298}.Release|ARM.ActiveCfg = Release|Any CPU
		{19BCFB04-1065-4482-B850-26E8A842D298}.Release|ARM.Build.0 = Release|Any CPU
		{19BCFB04-1065-4482-B850-26E8A842D298}.Release|ARM64.ActiveCfg = Release|Any CPU
		{19BCFB04-1065-4482-B850-26E8A842D298}.Release|ARM64.Build.0 = Release|Any CPU
		{19BCFB04-1065-4482-B850-26E8A842D298}.Release|x64.ActiveCfg = Release|Any CPU
		{19BCFB04-1065-4482-B850-26E8A842D298}.Release|x64.Build.0 = Release|Any CPU
		{19BCFB04-1065-4482-B850-26E8A842D298}.Release|x86.ActiveCfg = Release|Any CPU
		{19BCFB04-1065-4482-B850-26E8A842D298}.Release|x86.Build.0 = Release|Any CPU
		{19BCFB04-1065-4482-B850-26E8A842D298}.RelWithDebInfo|Any CPU.ActiveCfg = Release|Any CPU
		{19BCFB04-1065-4482-B850-26E8A842D298}.RelWithDebInfo|Any CPU.Build.0 = Release|Any CPU
		{19BCFB04-1065-4482-B850-26E8A842D298}.RelWithDebInfo|ARM.ActiveCfg = Release|Any CPU
		{19BCFB04-1065-4482-B850-26E8A842D298}.RelWithDebInfo|ARM.Build.0 = Release|Any CPU
		{19BCFB04-1065-4482-B850-26E8A842D298}.RelWithDebInfo|ARM64.ActiveCfg = Release|Any CPU
		{19BCFB04-1065-4482-B850-26E8A842D298}.RelWithDebInfo|ARM64.Build.0 = Release|Any CPU
		{19BCFB04-1065-4482-B850-26E8A842D298}.RelWithDebInfo|x64.ActiveCfg = Release|Any CPU
		{19BCFB04-1065-4482-B850-26E8A842D298}.RelWithDebInfo|x64.Build.0 = Release|Any CPU
		{19BCFB04-1065-4482-B850-26E8A842D298}.RelWithDebInfo|x86.ActiveCfg = Release|Any CPU
		{19BCFB04-1065-4482-B850-26E8A842D298}.RelWithDebInfo|x86.Build.0 = Release|Any CPU
		{D42A17F2-D039-4370-ABA2-92FC8D015666}.Debug|Any CPU.ActiveCfg = Debug|Any CPU
		{D42A17F2-D039-4370-ABA2-92FC8D015666}.Debug|Any CPU.Build.0 = Debug|Any CPU
		{D42A17F2-D039-4370-ABA2-92FC8D015666}.Debug|ARM.ActiveCfg = Debug|Any CPU
		{D42A17F2-D039-4370-ABA2-92FC8D015666}.Debug|ARM.Build.0 = Debug|Any CPU
		{D42A17F2-D039-4370-ABA2-92FC8D015666}.Debug|ARM64.ActiveCfg = Debug|Any CPU
		{D42A17F2-D039-4370-ABA2-92FC8D015666}.Debug|ARM64.Build.0 = Debug|Any CPU
		{D42A17F2-D039-4370-ABA2-92FC8D015666}.Debug|x64.ActiveCfg = Debug|Any CPU
		{D42A17F2-D039-4370-ABA2-92FC8D015666}.Debug|x64.Build.0 = Debug|Any CPU
		{D42A17F2-D039-4370-ABA2-92FC8D015666}.Debug|x86.ActiveCfg = Debug|Any CPU
		{D42A17F2-D039-4370-ABA2-92FC8D015666}.Debug|x86.Build.0 = Debug|Any CPU
		{D42A17F2-D039-4370-ABA2-92FC8D015666}.MinSizeRel|Any CPU.ActiveCfg = Release|Any CPU
		{D42A17F2-D039-4370-ABA2-92FC8D015666}.MinSizeRel|Any CPU.Build.0 = Release|Any CPU
		{D42A17F2-D039-4370-ABA2-92FC8D015666}.MinSizeRel|ARM.ActiveCfg = Release|Any CPU
		{D42A17F2-D039-4370-ABA2-92FC8D015666}.MinSizeRel|ARM.Build.0 = Release|Any CPU
		{D42A17F2-D039-4370-ABA2-92FC8D015666}.MinSizeRel|ARM64.ActiveCfg = Release|Any CPU
		{D42A17F2-D039-4370-ABA2-92FC8D015666}.MinSizeRel|ARM64.Build.0 = Release|Any CPU
		{D42A17F2-D039-4370-ABA2-92FC8D015666}.MinSizeRel|x64.ActiveCfg = Release|Any CPU
		{D42A17F2-D039-4370-ABA2-92FC8D015666}.MinSizeRel|x64.Build.0 = Release|Any CPU
		{D42A17F2-D039-4370-ABA2-92FC8D015666}.MinSizeRel|x86.ActiveCfg = Release|Any CPU
		{D42A17F2-D039-4370-ABA2-92FC8D015666}.MinSizeRel|x86.Build.0 = Release|Any CPU
		{D42A17F2-D039-4370-ABA2-92FC8D015666}.Release|Any CPU.ActiveCfg = Release|Any CPU
		{D42A17F2-D039-4370-ABA2-92FC8D015666}.Release|Any CPU.Build.0 = Release|Any CPU
		{D42A17F2-D039-4370-ABA2-92FC8D015666}.Release|ARM.ActiveCfg = Release|Any CPU
		{D42A17F2-D039-4370-ABA2-92FC8D015666}.Release|ARM.Build.0 = Release|Any CPU
		{D42A17F2-D039-4370-ABA2-92FC8D015666}.Release|ARM64.ActiveCfg = Release|Any CPU
		{D42A17F2-D039-4370-ABA2-92FC8D015666}.Release|ARM64.Build.0 = Release|Any CPU
		{D42A17F2-D039-4370-ABA2-92FC8D015666}.Release|x64.ActiveCfg = Release|Any CPU
		{D42A17F2-D039-4370-ABA2-92FC8D015666}.Release|x64.Build.0 = Release|Any CPU
		{D42A17F2-D039-4370-ABA2-92FC8D015666}.Release|x86.ActiveCfg = Release|Any CPU
		{D42A17F2-D039-4370-ABA2-92FC8D015666}.Release|x86.Build.0 = Release|Any CPU
		{D42A17F2-D039-4370-ABA2-92FC8D015666}.RelWithDebInfo|Any CPU.ActiveCfg = Release|Any CPU
		{D42A17F2-D039-4370-ABA2-92FC8D015666}.RelWithDebInfo|Any CPU.Build.0 = Release|Any CPU
		{D42A17F2-D039-4370-ABA2-92FC8D015666}.RelWithDebInfo|ARM.ActiveCfg = Release|Any CPU
		{D42A17F2-D039-4370-ABA2-92FC8D015666}.RelWithDebInfo|ARM.Build.0 = Release|Any CPU
		{D42A17F2-D039-4370-ABA2-92FC8D015666}.RelWithDebInfo|ARM64.ActiveCfg = Release|Any CPU
		{D42A17F2-D039-4370-ABA2-92FC8D015666}.RelWithDebInfo|ARM64.Build.0 = Release|Any CPU
		{D42A17F2-D039-4370-ABA2-92FC8D015666}.RelWithDebInfo|x64.ActiveCfg = Release|Any CPU
		{D42A17F2-D039-4370-ABA2-92FC8D015666}.RelWithDebInfo|x64.Build.0 = Release|Any CPU
		{D42A17F2-D039-4370-ABA2-92FC8D015666}.RelWithDebInfo|x86.ActiveCfg = Release|Any CPU
		{D42A17F2-D039-4370-ABA2-92FC8D015666}.RelWithDebInfo|x86.Build.0 = Release|Any CPU
		{4FF6D7E4-8C26-4065-A9B2-BBE565D50460}.Debug|Any CPU.ActiveCfg = Debug|Any CPU
		{4FF6D7E4-8C26-4065-A9B2-BBE565D50460}.Debug|Any CPU.Build.0 = Debug|Any CPU
		{4FF6D7E4-8C26-4065-A9B2-BBE565D50460}.Debug|ARM.ActiveCfg = Debug|Any CPU
		{4FF6D7E4-8C26-4065-A9B2-BBE565D50460}.Debug|ARM.Build.0 = Debug|Any CPU
		{4FF6D7E4-8C26-4065-A9B2-BBE565D50460}.Debug|ARM64.ActiveCfg = Debug|Any CPU
		{4FF6D7E4-8C26-4065-A9B2-BBE565D50460}.Debug|ARM64.Build.0 = Debug|Any CPU
		{4FF6D7E4-8C26-4065-A9B2-BBE565D50460}.Debug|x64.ActiveCfg = Debug|Any CPU
		{4FF6D7E4-8C26-4065-A9B2-BBE565D50460}.Debug|x64.Build.0 = Debug|Any CPU
		{4FF6D7E4-8C26-4065-A9B2-BBE565D50460}.Debug|x86.ActiveCfg = Debug|Any CPU
		{4FF6D7E4-8C26-4065-A9B2-BBE565D50460}.Debug|x86.Build.0 = Debug|Any CPU
		{4FF6D7E4-8C26-4065-A9B2-BBE565D50460}.MinSizeRel|Any CPU.ActiveCfg = Release|Any CPU
		{4FF6D7E4-8C26-4065-A9B2-BBE565D50460}.MinSizeRel|Any CPU.Build.0 = Release|Any CPU
		{4FF6D7E4-8C26-4065-A9B2-BBE565D50460}.MinSizeRel|ARM.ActiveCfg = Release|Any CPU
		{4FF6D7E4-8C26-4065-A9B2-BBE565D50460}.MinSizeRel|ARM.Build.0 = Release|Any CPU
		{4FF6D7E4-8C26-4065-A9B2-BBE565D50460}.MinSizeRel|ARM64.ActiveCfg = Release|Any CPU
		{4FF6D7E4-8C26-4065-A9B2-BBE565D50460}.MinSizeRel|ARM64.Build.0 = Release|Any CPU
		{4FF6D7E4-8C26-4065-A9B2-BBE565D50460}.MinSizeRel|x64.ActiveCfg = Release|Any CPU
		{4FF6D7E4-8C26-4065-A9B2-BBE565D50460}.MinSizeRel|x64.Build.0 = Release|Any CPU
		{4FF6D7E4-8C26-4065-A9B2-BBE565D50460}.MinSizeRel|x86.ActiveCfg = Release|Any CPU
		{4FF6D7E4-8C26-4065-A9B2-BBE565D50460}.MinSizeRel|x86.Build.0 = Release|Any CPU
		{4FF6D7E4-8C26-4065-A9B2-BBE565D50460}.Release|Any CPU.ActiveCfg = Release|Any CPU
		{4FF6D7E4-8C26-4065-A9B2-BBE565D50460}.Release|Any CPU.Build.0 = Release|Any CPU
		{4FF6D7E4-8C26-4065-A9B2-BBE565D50460}.Release|ARM.ActiveCfg = Release|Any CPU
		{4FF6D7E4-8C26-4065-A9B2-BBE565D50460}.Release|ARM.Build.0 = Release|Any CPU
		{4FF6D7E4-8C26-4065-A9B2-BBE565D50460}.Release|ARM64.ActiveCfg = Release|Any CPU
		{4FF6D7E4-8C26-4065-A9B2-BBE565D50460}.Release|ARM64.Build.0 = Release|Any CPU
		{4FF6D7E4-8C26-4065-A9B2-BBE565D50460}.Release|x64.ActiveCfg = Release|Any CPU
		{4FF6D7E4-8C26-4065-A9B2-BBE565D50460}.Release|x64.Build.0 = Release|Any CPU
		{4FF6D7E4-8C26-4065-A9B2-BBE565D50460}.Release|x86.ActiveCfg = Release|Any CPU
		{4FF6D7E4-8C26-4065-A9B2-BBE565D50460}.Release|x86.Build.0 = Release|Any CPU
		{4FF6D7E4-8C26-4065-A9B2-BBE565D50460}.RelWithDebInfo|Any CPU.ActiveCfg = Release|Any CPU
		{4FF6D7E4-8C26-4065-A9B2-BBE565D50460}.RelWithDebInfo|Any CPU.Build.0 = Release|Any CPU
		{4FF6D7E4-8C26-4065-A9B2-BBE565D50460}.RelWithDebInfo|ARM.ActiveCfg = Release|Any CPU
		{4FF6D7E4-8C26-4065-A9B2-BBE565D50460}.RelWithDebInfo|ARM.Build.0 = Release|Any CPU
		{4FF6D7E4-8C26-4065-A9B2-BBE565D50460}.RelWithDebInfo|ARM64.ActiveCfg = Release|Any CPU
		{4FF6D7E4-8C26-4065-A9B2-BBE565D50460}.RelWithDebInfo|ARM64.Build.0 = Release|Any CPU
		{4FF6D7E4-8C26-4065-A9B2-BBE565D50460}.RelWithDebInfo|x64.ActiveCfg = Release|Any CPU
		{4FF6D7E4-8C26-4065-A9B2-BBE565D50460}.RelWithDebInfo|x64.Build.0 = Release|Any CPU
		{4FF6D7E4-8C26-4065-A9B2-BBE565D50460}.RelWithDebInfo|x86.ActiveCfg = Release|Any CPU
		{4FF6D7E4-8C26-4065-A9B2-BBE565D50460}.RelWithDebInfo|x86.Build.0 = Release|Any CPU
		{FFFCC654-9287-47EF-8636-604FF97A2F1B}.Debug|Any CPU.ActiveCfg = Debug|Any CPU
		{FFFCC654-9287-47EF-8636-604FF97A2F1B}.Debug|Any CPU.Build.0 = Debug|Any CPU
		{FFFCC654-9287-47EF-8636-604FF97A2F1B}.Debug|ARM.ActiveCfg = Debug|Any CPU
		{FFFCC654-9287-47EF-8636-604FF97A2F1B}.Debug|ARM.Build.0 = Debug|Any CPU
		{FFFCC654-9287-47EF-8636-604FF97A2F1B}.Debug|ARM64.ActiveCfg = Debug|Any CPU
		{FFFCC654-9287-47EF-8636-604FF97A2F1B}.Debug|ARM64.Build.0 = Debug|Any CPU
		{FFFCC654-9287-47EF-8636-604FF97A2F1B}.Debug|x64.ActiveCfg = Debug|Any CPU
		{FFFCC654-9287-47EF-8636-604FF97A2F1B}.Debug|x64.Build.0 = Debug|Any CPU
		{FFFCC654-9287-47EF-8636-604FF97A2F1B}.Debug|x86.ActiveCfg = Debug|Any CPU
		{FFFCC654-9287-47EF-8636-604FF97A2F1B}.Debug|x86.Build.0 = Debug|Any CPU
		{FFFCC654-9287-47EF-8636-604FF97A2F1B}.MinSizeRel|Any CPU.ActiveCfg = Debug|Any CPU
		{FFFCC654-9287-47EF-8636-604FF97A2F1B}.MinSizeRel|Any CPU.Build.0 = Debug|Any CPU
		{FFFCC654-9287-47EF-8636-604FF97A2F1B}.MinSizeRel|ARM.ActiveCfg = Debug|Any CPU
		{FFFCC654-9287-47EF-8636-604FF97A2F1B}.MinSizeRel|ARM.Build.0 = Debug|Any CPU
		{FFFCC654-9287-47EF-8636-604FF97A2F1B}.MinSizeRel|ARM64.ActiveCfg = Debug|Any CPU
		{FFFCC654-9287-47EF-8636-604FF97A2F1B}.MinSizeRel|ARM64.Build.0 = Debug|Any CPU
		{FFFCC654-9287-47EF-8636-604FF97A2F1B}.MinSizeRel|x64.ActiveCfg = Debug|Any CPU
		{FFFCC654-9287-47EF-8636-604FF97A2F1B}.MinSizeRel|x64.Build.0 = Debug|Any CPU
		{FFFCC654-9287-47EF-8636-604FF97A2F1B}.MinSizeRel|x86.ActiveCfg = Debug|Any CPU
		{FFFCC654-9287-47EF-8636-604FF97A2F1B}.MinSizeRel|x86.Build.0 = Debug|Any CPU
		{FFFCC654-9287-47EF-8636-604FF97A2F1B}.Release|Any CPU.ActiveCfg = Release|Any CPU
		{FFFCC654-9287-47EF-8636-604FF97A2F1B}.Release|Any CPU.Build.0 = Release|Any CPU
		{FFFCC654-9287-47EF-8636-604FF97A2F1B}.Release|ARM.ActiveCfg = Release|Any CPU
		{FFFCC654-9287-47EF-8636-604FF97A2F1B}.Release|ARM.Build.0 = Release|Any CPU
		{FFFCC654-9287-47EF-8636-604FF97A2F1B}.Release|ARM64.ActiveCfg = Release|Any CPU
		{FFFCC654-9287-47EF-8636-604FF97A2F1B}.Release|ARM64.Build.0 = Release|Any CPU
		{FFFCC654-9287-47EF-8636-604FF97A2F1B}.Release|x64.ActiveCfg = Release|Any CPU
		{FFFCC654-9287-47EF-8636-604FF97A2F1B}.Release|x64.Build.0 = Release|Any CPU
		{FFFCC654-9287-47EF-8636-604FF97A2F1B}.Release|x86.ActiveCfg = Release|Any CPU
		{FFFCC654-9287-47EF-8636-604FF97A2F1B}.Release|x86.Build.0 = Release|Any CPU
		{FFFCC654-9287-47EF-8636-604FF97A2F1B}.RelWithDebInfo|Any CPU.ActiveCfg = Release|Any CPU
		{FFFCC654-9287-47EF-8636-604FF97A2F1B}.RelWithDebInfo|Any CPU.Build.0 = Release|Any CPU
		{FFFCC654-9287-47EF-8636-604FF97A2F1B}.RelWithDebInfo|ARM.ActiveCfg = Release|Any CPU
		{FFFCC654-9287-47EF-8636-604FF97A2F1B}.RelWithDebInfo|ARM.Build.0 = Release|Any CPU
		{FFFCC654-9287-47EF-8636-604FF97A2F1B}.RelWithDebInfo|ARM64.ActiveCfg = Release|Any CPU
		{FFFCC654-9287-47EF-8636-604FF97A2F1B}.RelWithDebInfo|ARM64.Build.0 = Release|Any CPU
		{FFFCC654-9287-47EF-8636-604FF97A2F1B}.RelWithDebInfo|x64.ActiveCfg = Release|Any CPU
		{FFFCC654-9287-47EF-8636-604FF97A2F1B}.RelWithDebInfo|x64.Build.0 = Release|Any CPU
		{FFFCC654-9287-47EF-8636-604FF97A2F1B}.RelWithDebInfo|x86.ActiveCfg = Release|Any CPU
		{FFFCC654-9287-47EF-8636-604FF97A2F1B}.RelWithDebInfo|x86.Build.0 = Release|Any CPU
		{CFF9581F-6A5A-450C-A99A-321E2435D6B3}.Debug|Any CPU.ActiveCfg = Debug|Any CPU
		{CFF9581F-6A5A-450C-A99A-321E2435D6B3}.Debug|Any CPU.Build.0 = Debug|Any CPU
		{CFF9581F-6A5A-450C-A99A-321E2435D6B3}.Debug|ARM.ActiveCfg = Debug|Any CPU
		{CFF9581F-6A5A-450C-A99A-321E2435D6B3}.Debug|ARM.Build.0 = Debug|Any CPU
		{CFF9581F-6A5A-450C-A99A-321E2435D6B3}.Debug|ARM64.ActiveCfg = Debug|Any CPU
		{CFF9581F-6A5A-450C-A99A-321E2435D6B3}.Debug|ARM64.Build.0 = Debug|Any CPU
		{CFF9581F-6A5A-450C-A99A-321E2435D6B3}.Debug|x64.ActiveCfg = Debug|Any CPU
		{CFF9581F-6A5A-450C-A99A-321E2435D6B3}.Debug|x64.Build.0 = Debug|Any CPU
		{CFF9581F-6A5A-450C-A99A-321E2435D6B3}.Debug|x86.ActiveCfg = Debug|Any CPU
		{CFF9581F-6A5A-450C-A99A-321E2435D6B3}.Debug|x86.Build.0 = Debug|Any CPU
		{CFF9581F-6A5A-450C-A99A-321E2435D6B3}.MinSizeRel|Any CPU.ActiveCfg = Debug|Any CPU
		{CFF9581F-6A5A-450C-A99A-321E2435D6B3}.MinSizeRel|Any CPU.Build.0 = Debug|Any CPU
		{CFF9581F-6A5A-450C-A99A-321E2435D6B3}.MinSizeRel|ARM.ActiveCfg = Debug|Any CPU
		{CFF9581F-6A5A-450C-A99A-321E2435D6B3}.MinSizeRel|ARM.Build.0 = Debug|Any CPU
		{CFF9581F-6A5A-450C-A99A-321E2435D6B3}.MinSizeRel|ARM64.ActiveCfg = Debug|Any CPU
		{CFF9581F-6A5A-450C-A99A-321E2435D6B3}.MinSizeRel|ARM64.Build.0 = Debug|Any CPU
		{CFF9581F-6A5A-450C-A99A-321E2435D6B3}.MinSizeRel|x64.ActiveCfg = Debug|Any CPU
		{CFF9581F-6A5A-450C-A99A-321E2435D6B3}.MinSizeRel|x64.Build.0 = Debug|Any CPU
		{CFF9581F-6A5A-450C-A99A-321E2435D6B3}.MinSizeRel|x86.ActiveCfg = Debug|Any CPU
		{CFF9581F-6A5A-450C-A99A-321E2435D6B3}.MinSizeRel|x86.Build.0 = Debug|Any CPU
		{CFF9581F-6A5A-450C-A99A-321E2435D6B3}.Release|Any CPU.ActiveCfg = Release|Any CPU
		{CFF9581F-6A5A-450C-A99A-321E2435D6B3}.Release|Any CPU.Build.0 = Release|Any CPU
		{CFF9581F-6A5A-450C-A99A-321E2435D6B3}.Release|ARM.ActiveCfg = Release|Any CPU
		{CFF9581F-6A5A-450C-A99A-321E2435D6B3}.Release|ARM.Build.0 = Release|Any CPU
		{CFF9581F-6A5A-450C-A99A-321E2435D6B3}.Release|ARM64.ActiveCfg = Release|Any CPU
		{CFF9581F-6A5A-450C-A99A-321E2435D6B3}.Release|ARM64.Build.0 = Release|Any CPU
		{CFF9581F-6A5A-450C-A99A-321E2435D6B3}.Release|x64.ActiveCfg = Release|Any CPU
		{CFF9581F-6A5A-450C-A99A-321E2435D6B3}.Release|x64.Build.0 = Release|Any CPU
		{CFF9581F-6A5A-450C-A99A-321E2435D6B3}.Release|x86.ActiveCfg = Release|Any CPU
		{CFF9581F-6A5A-450C-A99A-321E2435D6B3}.Release|x86.Build.0 = Release|Any CPU
		{CFF9581F-6A5A-450C-A99A-321E2435D6B3}.RelWithDebInfo|Any CPU.ActiveCfg = Release|Any CPU
		{CFF9581F-6A5A-450C-A99A-321E2435D6B3}.RelWithDebInfo|Any CPU.Build.0 = Release|Any CPU
		{CFF9581F-6A5A-450C-A99A-321E2435D6B3}.RelWithDebInfo|ARM.ActiveCfg = Release|Any CPU
		{CFF9581F-6A5A-450C-A99A-321E2435D6B3}.RelWithDebInfo|ARM.Build.0 = Release|Any CPU
		{CFF9581F-6A5A-450C-A99A-321E2435D6B3}.RelWithDebInfo|ARM64.ActiveCfg = Release|Any CPU
		{CFF9581F-6A5A-450C-A99A-321E2435D6B3}.RelWithDebInfo|ARM64.Build.0 = Release|Any CPU
		{CFF9581F-6A5A-450C-A99A-321E2435D6B3}.RelWithDebInfo|x64.ActiveCfg = Release|Any CPU
		{CFF9581F-6A5A-450C-A99A-321E2435D6B3}.RelWithDebInfo|x64.Build.0 = Release|Any CPU
		{CFF9581F-6A5A-450C-A99A-321E2435D6B3}.RelWithDebInfo|x86.ActiveCfg = Release|Any CPU
		{CFF9581F-6A5A-450C-A99A-321E2435D6B3}.RelWithDebInfo|x86.Build.0 = Release|Any CPU
		{BD5655E8-FE27-4A35-B18E-ABBBCBA9E89B}.Debug|Any CPU.ActiveCfg = Debug|Any CPU
		{BD5655E8-FE27-4A35-B18E-ABBBCBA9E89B}.Debug|Any CPU.Build.0 = Debug|Any CPU
		{BD5655E8-FE27-4A35-B18E-ABBBCBA9E89B}.Debug|ARM.ActiveCfg = Debug|Any CPU
		{BD5655E8-FE27-4A35-B18E-ABBBCBA9E89B}.Debug|ARM.Build.0 = Debug|Any CPU
		{BD5655E8-FE27-4A35-B18E-ABBBCBA9E89B}.Debug|ARM64.ActiveCfg = Debug|Any CPU
		{BD5655E8-FE27-4A35-B18E-ABBBCBA9E89B}.Debug|ARM64.Build.0 = Debug|Any CPU
		{BD5655E8-FE27-4A35-B18E-ABBBCBA9E89B}.Debug|x64.ActiveCfg = Debug|Any CPU
		{BD5655E8-FE27-4A35-B18E-ABBBCBA9E89B}.Debug|x64.Build.0 = Debug|Any CPU
		{BD5655E8-FE27-4A35-B18E-ABBBCBA9E89B}.Debug|x86.ActiveCfg = Debug|Any CPU
		{BD5655E8-FE27-4A35-B18E-ABBBCBA9E89B}.Debug|x86.Build.0 = Debug|Any CPU
		{BD5655E8-FE27-4A35-B18E-ABBBCBA9E89B}.MinSizeRel|Any CPU.ActiveCfg = Debug|Any CPU
		{BD5655E8-FE27-4A35-B18E-ABBBCBA9E89B}.MinSizeRel|Any CPU.Build.0 = Debug|Any CPU
		{BD5655E8-FE27-4A35-B18E-ABBBCBA9E89B}.MinSizeRel|ARM.ActiveCfg = Debug|Any CPU
		{BD5655E8-FE27-4A35-B18E-ABBBCBA9E89B}.MinSizeRel|ARM.Build.0 = Debug|Any CPU
		{BD5655E8-FE27-4A35-B18E-ABBBCBA9E89B}.MinSizeRel|ARM64.ActiveCfg = Debug|Any CPU
		{BD5655E8-FE27-4A35-B18E-ABBBCBA9E89B}.MinSizeRel|ARM64.Build.0 = Debug|Any CPU
		{BD5655E8-FE27-4A35-B18E-ABBBCBA9E89B}.MinSizeRel|x64.ActiveCfg = Debug|Any CPU
		{BD5655E8-FE27-4A35-B18E-ABBBCBA9E89B}.MinSizeRel|x64.Build.0 = Debug|Any CPU
		{BD5655E8-FE27-4A35-B18E-ABBBCBA9E89B}.MinSizeRel|x86.ActiveCfg = Debug|Any CPU
		{BD5655E8-FE27-4A35-B18E-ABBBCBA9E89B}.MinSizeRel|x86.Build.0 = Debug|Any CPU
		{BD5655E8-FE27-4A35-B18E-ABBBCBA9E89B}.Release|Any CPU.ActiveCfg = Release|Any CPU
		{BD5655E8-FE27-4A35-B18E-ABBBCBA9E89B}.Release|Any CPU.Build.0 = Release|Any CPU
		{BD5655E8-FE27-4A35-B18E-ABBBCBA9E89B}.Release|ARM.ActiveCfg = Release|Any CPU
		{BD5655E8-FE27-4A35-B18E-ABBBCBA9E89B}.Release|ARM.Build.0 = Release|Any CPU
		{BD5655E8-FE27-4A35-B18E-ABBBCBA9E89B}.Release|ARM64.ActiveCfg = Release|Any CPU
		{BD5655E8-FE27-4A35-B18E-ABBBCBA9E89B}.Release|ARM64.Build.0 = Release|Any CPU
		{BD5655E8-FE27-4A35-B18E-ABBBCBA9E89B}.Release|x64.ActiveCfg = Release|Any CPU
		{BD5655E8-FE27-4A35-B18E-ABBBCBA9E89B}.Release|x64.Build.0 = Release|Any CPU
		{BD5655E8-FE27-4A35-B18E-ABBBCBA9E89B}.Release|x86.ActiveCfg = Release|Any CPU
		{BD5655E8-FE27-4A35-B18E-ABBBCBA9E89B}.Release|x86.Build.0 = Release|Any CPU
		{BD5655E8-FE27-4A35-B18E-ABBBCBA9E89B}.RelWithDebInfo|Any CPU.ActiveCfg = Release|Any CPU
		{BD5655E8-FE27-4A35-B18E-ABBBCBA9E89B}.RelWithDebInfo|Any CPU.Build.0 = Release|Any CPU
		{BD5655E8-FE27-4A35-B18E-ABBBCBA9E89B}.RelWithDebInfo|ARM.ActiveCfg = Release|Any CPU
		{BD5655E8-FE27-4A35-B18E-ABBBCBA9E89B}.RelWithDebInfo|ARM.Build.0 = Release|Any CPU
		{BD5655E8-FE27-4A35-B18E-ABBBCBA9E89B}.RelWithDebInfo|ARM64.ActiveCfg = Release|Any CPU
		{BD5655E8-FE27-4A35-B18E-ABBBCBA9E89B}.RelWithDebInfo|ARM64.Build.0 = Release|Any CPU
		{BD5655E8-FE27-4A35-B18E-ABBBCBA9E89B}.RelWithDebInfo|x64.ActiveCfg = Release|Any CPU
		{BD5655E8-FE27-4A35-B18E-ABBBCBA9E89B}.RelWithDebInfo|x64.Build.0 = Release|Any CPU
		{BD5655E8-FE27-4A35-B18E-ABBBCBA9E89B}.RelWithDebInfo|x86.ActiveCfg = Release|Any CPU
		{BD5655E8-FE27-4A35-B18E-ABBBCBA9E89B}.RelWithDebInfo|x86.Build.0 = Release|Any CPU
		{AF44C9DF-FE1A-4C48-B115-E6BEADCB24C0}.Debug|Any CPU.ActiveCfg = Debug|Any CPU
		{AF44C9DF-FE1A-4C48-B115-E6BEADCB24C0}.Debug|Any CPU.Build.0 = Debug|Any CPU
		{AF44C9DF-FE1A-4C48-B115-E6BEADCB24C0}.Debug|ARM.ActiveCfg = Debug|Any CPU
		{AF44C9DF-FE1A-4C48-B115-E6BEADCB24C0}.Debug|ARM.Build.0 = Debug|Any CPU
		{AF44C9DF-FE1A-4C48-B115-E6BEADCB24C0}.Debug|ARM64.ActiveCfg = Debug|Any CPU
		{AF44C9DF-FE1A-4C48-B115-E6BEADCB24C0}.Debug|ARM64.Build.0 = Debug|Any CPU
		{AF44C9DF-FE1A-4C48-B115-E6BEADCB24C0}.Debug|x64.ActiveCfg = Debug|Any CPU
		{AF44C9DF-FE1A-4C48-B115-E6BEADCB24C0}.Debug|x64.Build.0 = Debug|Any CPU
		{AF44C9DF-FE1A-4C48-B115-E6BEADCB24C0}.Debug|x86.ActiveCfg = Debug|Any CPU
		{AF44C9DF-FE1A-4C48-B115-E6BEADCB24C0}.Debug|x86.Build.0 = Debug|Any CPU
		{AF44C9DF-FE1A-4C48-B115-E6BEADCB24C0}.MinSizeRel|Any CPU.ActiveCfg = Debug|Any CPU
		{AF44C9DF-FE1A-4C48-B115-E6BEADCB24C0}.MinSizeRel|Any CPU.Build.0 = Debug|Any CPU
		{AF44C9DF-FE1A-4C48-B115-E6BEADCB24C0}.MinSizeRel|ARM.ActiveCfg = Debug|Any CPU
		{AF44C9DF-FE1A-4C48-B115-E6BEADCB24C0}.MinSizeRel|ARM.Build.0 = Debug|Any CPU
		{AF44C9DF-FE1A-4C48-B115-E6BEADCB24C0}.MinSizeRel|ARM64.ActiveCfg = Debug|Any CPU
		{AF44C9DF-FE1A-4C48-B115-E6BEADCB24C0}.MinSizeRel|ARM64.Build.0 = Debug|Any CPU
		{AF44C9DF-FE1A-4C48-B115-E6BEADCB24C0}.MinSizeRel|x64.ActiveCfg = Debug|Any CPU
		{AF44C9DF-FE1A-4C48-B115-E6BEADCB24C0}.MinSizeRel|x64.Build.0 = Debug|Any CPU
		{AF44C9DF-FE1A-4C48-B115-E6BEADCB24C0}.MinSizeRel|x86.ActiveCfg = Debug|Any CPU
		{AF44C9DF-FE1A-4C48-B115-E6BEADCB24C0}.MinSizeRel|x86.Build.0 = Debug|Any CPU
		{AF44C9DF-FE1A-4C48-B115-E6BEADCB24C0}.Release|Any CPU.ActiveCfg = Release|Any CPU
		{AF44C9DF-FE1A-4C48-B115-E6BEADCB24C0}.Release|Any CPU.Build.0 = Release|Any CPU
		{AF44C9DF-FE1A-4C48-B115-E6BEADCB24C0}.Release|ARM.ActiveCfg = Release|Any CPU
		{AF44C9DF-FE1A-4C48-B115-E6BEADCB24C0}.Release|ARM.Build.0 = Release|Any CPU
		{AF44C9DF-FE1A-4C48-B115-E6BEADCB24C0}.Release|ARM64.ActiveCfg = Release|Any CPU
		{AF44C9DF-FE1A-4C48-B115-E6BEADCB24C0}.Release|ARM64.Build.0 = Release|Any CPU
		{AF44C9DF-FE1A-4C48-B115-E6BEADCB24C0}.Release|x64.ActiveCfg = Release|Any CPU
		{AF44C9DF-FE1A-4C48-B115-E6BEADCB24C0}.Release|x64.Build.0 = Release|Any CPU
		{AF44C9DF-FE1A-4C48-B115-E6BEADCB24C0}.Release|x86.ActiveCfg = Release|Any CPU
		{AF44C9DF-FE1A-4C48-B115-E6BEADCB24C0}.Release|x86.Build.0 = Release|Any CPU
		{AF44C9DF-FE1A-4C48-B115-E6BEADCB24C0}.RelWithDebInfo|Any CPU.ActiveCfg = Release|Any CPU
		{AF44C9DF-FE1A-4C48-B115-E6BEADCB24C0}.RelWithDebInfo|Any CPU.Build.0 = Release|Any CPU
		{AF44C9DF-FE1A-4C48-B115-E6BEADCB24C0}.RelWithDebInfo|ARM.ActiveCfg = Release|Any CPU
		{AF44C9DF-FE1A-4C48-B115-E6BEADCB24C0}.RelWithDebInfo|ARM.Build.0 = Release|Any CPU
		{AF44C9DF-FE1A-4C48-B115-E6BEADCB24C0}.RelWithDebInfo|ARM64.ActiveCfg = Release|Any CPU
		{AF44C9DF-FE1A-4C48-B115-E6BEADCB24C0}.RelWithDebInfo|ARM64.Build.0 = Release|Any CPU
		{AF44C9DF-FE1A-4C48-B115-E6BEADCB24C0}.RelWithDebInfo|x64.ActiveCfg = Release|Any CPU
		{AF44C9DF-FE1A-4C48-B115-E6BEADCB24C0}.RelWithDebInfo|x64.Build.0 = Release|Any CPU
		{AF44C9DF-FE1A-4C48-B115-E6BEADCB24C0}.RelWithDebInfo|x86.ActiveCfg = Release|Any CPU
		{AF44C9DF-FE1A-4C48-B115-E6BEADCB24C0}.RelWithDebInfo|x86.Build.0 = Release|Any CPU
	EndGlobalSection
	GlobalSection(SolutionProperties) = preSolution
		HideSolutionNode = FALSE
	EndGlobalSection
	GlobalSection(NestedProjects) = preSolution
		{0230FE2C-B5F4-4208-A51F-88CCD4205074} = {2AD8DB73-20E9-4CFE-84E0-84FA05B7599F}
		{A1508315-A5C9-4F8D-AFDE-46AA5AAE124A} = {2AD8DB73-20E9-4CFE-84E0-84FA05B7599F}
		{19BCFB04-1065-4482-B850-26E8A842D298} = {2AD8DB73-20E9-4CFE-84E0-84FA05B7599F}
		{4FF6D7E4-8C26-4065-A9B2-BBE565D50460} = {D27C240F-81AD-4486-BDCD-9C29B2921BC4}
		{0136EE93-7A37-4812-9DA9-A622798187DD} = {383223C5-4D8E-48A3-9DC1-BD04E5205F27}
		{FFFCC654-9287-47EF-8636-604FF97A2F1B} = {383223C5-4D8E-48A3-9DC1-BD04E5205F27}
		{CFF9581F-6A5A-450C-A99A-321E2435D6B3} = {A0827581-349C-4626-B093-02766FF31311}
		{DB4517B0-EEFB-4692-95A7-8C5DACB623F9} = {A0827581-349C-4626-B093-02766FF31311}
		{AF44C9DF-FE1A-4C48-B115-E6BEADCB24C0} = {DB4517B0-EEFB-4692-95A7-8C5DACB623F9}
	EndGlobalSection
	GlobalSection(ExtensibilityGlobals) = postSolution
		SolutionGuid = {D00DBBF6-12C6-4191-9B99-6354BA833819}
	EndGlobalSection
EndGlobal
